
Microsoft Visual Studio Solution File, Format Version 12.00
# Visual Studio 14
VisualStudioVersion = 14.0.25420.1
MinimumVisualStudioVersion = 10.0.40219.1
Project("{FAE04EC0-301F-11D3-BF4B-00C04F79EFBC}") = "TimeLine.Service", "TimeLine.Service\TimeLine.Service.csproj", "{58D2936C-4E00-4D4C-BE5A-8C240F31FB97}"
EndProject
Global
	GlobalSection(SolutionConfigurationPlatforms) = preSolution
		Debug|Any CPU = Debug|Any CPU
		Release|Any CPU = Release|Any CPU
	EndGlobalSection
	GlobalSection(ProjectConfigurationPlatforms) = postSolution
		{58D2936C-4E00-4D4C-BE5A-8C240F31FB97}.Debug|Any CPU.ActiveCfg = Debug|Any CPU
		{58D2936C-4E00-4D4C-BE5A-8C240F31FB97}.Debug|Any CPU.Build.0 = Debug|Any CPU
		{58D2936C-4E00-4D4C-BE5A-8C240F31FB97}.Release|Any CPU.ActiveCfg = Release|Any CPU
		{58D2936C-4E00-4D4C-BE5A-8C240F31FB97}.Release|Any CPU.Build.0 = Release|Any CPU
	EndGlobalSection
	GlobalSection(SolutionProperties) = preSolution
		HideSolutionNode = FALSE
	EndGlobalSection
EndGlobal
